
Microsoft Visual Studio Solution File, Format Version 12.00
# Visual Studio 2017
Project("{FAE04EC0-301F-11D3-BF4B-00C04F79EFBC}") = "Want To Be A Millionaire", "Want To Be A Millionaire.csproj", "{DDFE3A9D-2346-68DE-CC36-3B6DD03BA1CB}"
EndProject
Global
	GlobalSection(SolutionConfigurationPlatforms) = preSolution
		Debug|Any CPU = Debug|Any CPU
		Release|Any CPU = Release|Any CPU
	EndGlobalSection
	GlobalSection(ProjectConfigurationPlatforms) = postSolution
		{DDFE3A9D-2346-68DE-CC36-3B6DD03BA1CB}.Debug|Any CPU.ActiveCfg = Debug|Any CPU
		{DDFE3A9D-2346-68DE-CC36-3B6DD03BA1CB}.Debug|Any CPU.Build.0 = Debug|Any CPU
		{DDFE3A9D-2346-68DE-CC36-3B6DD03BA1CB}.Release|Any CPU.ActiveCfg = Release|Any CPU
		{DDFE3A9D-2346-68DE-CC36-3B6DD03BA1CB}.Release|Any CPU.Build.0 = Release|Any CPU
	EndGlobalSection
	GlobalSection(SolutionProperties) = preSolution
		HideSolutionNode = FALSE
	EndGlobalSection
EndGlobal
